
Microsoft Visual Studio Solution File, Format Version 12.00
# Visual Studio 15
VisualStudioVersion = 15.0.27130.2036
MinimumVisualStudioVersion = 10.0.40219.1
Project("{8BC9CEB8-8B4A-11D0-8D11-00A0C91BC942}") = "p000", "p000\p000.vcxproj", "{AC126A9D-A72C-418A-B46A-0E1BC4CC0E32}"
EndProject
Project("{8BC9CEB8-8B4A-11D0-8D11-00A0C91BC942}") = "p001", "p001\p001.vcxproj", "{A5945F22-E183-4D6C-AAAE-ED4CFAC0D345}"
EndProject
Project("{8BC9CEB8-8B4A-11D0-8D11-00A0C91BC942}") = "p002", "p002\p002.vcxproj", "{D3992203-6650-4CED-904E-F9397448C553}"
EndProject
Project("{8BC9CEB8-8B4A-11D0-8D11-00A0C91BC942}") = "p003", "p003\p003.vcxproj", "{D31DC074-CB86-4111-B5CF-E9AF36D4DBAB}"
EndProject
Project("{8BC9CEB8-8B4A-11D0-8D11-00A0C91BC942}") = "p003.testepessoa", "p003.testepessoa\p003.testepessoa.vcxproj", "{CAF9088A-C4D3-47BB-99A8-F08F06C1FC06}"
EndProject
Project("{8BC9CEB8-8B4A-11D0-8D11-00A0C91BC942}") = "p004", "p004\p004.vcxproj", "{A43EB5CD-3F68-4C9D-808D-ACECBB4AA585}"
EndProject
Project("{8BC9CEB8-8B4A-11D0-8D11-00A0C91BC942}") = "p005", "p005\p005.vcxproj", "{B9E04F0F-FABB-4496-A697-A73D5C265AAD}"
EndProject
Project("{8BC9CEB8-8B4A-11D0-8D11-00A0C91BC942}") = "p006", "p006\p006.vcxproj", "{61CCB641-B93E-489C-87C2-45B4BAE1E716}"
EndProject
Project("{8BC9CEB8-8B4A-11D0-8D11-00A0C91BC942}") = "pessoa", "pessoa\pessoa.vcxproj", "{C8F21A35-91BF-4B02-9318-226B8AAC1601}"
EndProject
Project("{8BC9CEB8-8B4A-11D0-8D11-00A0C91BC942}") = "teste_pessoa", "teste_pessoa\teste_pessoa.vcxproj", "{3C362117-1EEC-4850-B307-58876CDD72F3}"
EndProject
Global
	GlobalSection(SolutionConfigurationPlatforms) = preSolution
		Debug|x64 = Debug|x64
		Debug|x86 = Debug|x86
		Release|x64 = Release|x64
		Release|x86 = Release|x86
	EndGlobalSection
	GlobalSection(ProjectConfigurationPlatforms) = postSolution
		{AC126A9D-A72C-418A-B46A-0E1BC4CC0E32}.Debug|x64.ActiveCfg = Debug|x64
		{AC126A9D-A72C-418A-B46A-0E1BC4CC0E32}.Debug|x64.Build.0 = Debug|x64
		{AC126A9D-A72C-418A-B46A-0E1BC4CC0E32}.Debug|x86.ActiveCfg = Debug|Win32
		{AC126A9D-A72C-418A-B46A-0E1BC4CC0E32}.Debug|x86.Build.0 = Debug|Win32
		{AC126A9D-A72C-418A-B46A-0E1BC4CC0E32}.Release|x64.ActiveCfg = Release|x64
		{AC126A9D-A72C-418A-B46A-0E1BC4CC0E32}.Release|x64.Build.0 = Release|x64
		{AC126A9D-A72C-418A-B46A-0E1BC4CC0E32}.Release|x86.ActiveCfg = Release|Win32
		{AC126A9D-A72C-418A-B46A-0E1BC4CC0E32}.Release|x86.Build.0 = Release|Win32
		{A5945F22-E183-4D6C-AAAE-ED4CFAC0D345}.Debug|x64.ActiveCfg = Debug|x64
		{A5945F22-E183-4D6C-AAAE-ED4CFAC0D345}.Debug|x64.Build.0 = Debug|x64
		{A5945F22-E183-4D6C-AAAE-ED4CFAC0D345}.Debug|x86.ActiveCfg = Debug|Win32
		{A5945F22-E183-4D6C-AAAE-ED4CFAC0D345}.Debug|x86.Build.0 = Debug|Win32
		{A5945F22-E183-4D6C-AAAE-ED4CFAC0D345}.Release|x64.ActiveCfg = Release|x64
		{A5945F22-E183-4D6C-AAAE-ED4CFAC0D345}.Release|x64.Build.0 = Release|x64
		{A5945F22-E183-4D6C-AAAE-ED4CFAC0D345}.Release|x86.ActiveCfg = Release|Win32
		{A5945F22-E183-4D6C-AAAE-ED4CFAC0D345}.Release|x86.Build.0 = Release|Win32
		{D3992203-6650-4CED-904E-F9397448C553}.Debug|x64.ActiveCfg = Debug|x64
		{D3992203-6650-4CED-904E-F9397448C553}.Debug|x64.Build.0 = Debug|x64
		{D3992203-6650-4CED-904E-F9397448C553}.Debug|x86.ActiveCfg = Debug|Win32
		{D3992203-6650-4CED-904E-F9397448C553}.Debug|x86.Build.0 = Debug|Win32
		{D3992203-6650-4CED-904E-F9397448C553}.Release|x64.ActiveCfg = Release|x64
		{D3992203-6650-4CED-904E-F9397448C553}.Release|x64.Build.0 = Release|x64
		{D3992203-6650-4CED-904E-F9397448C553}.Release|x86.ActiveCfg = Release|Win32
		{D3992203-6650-4CED-904E-F9397448C553}.Release|x86.Build.0 = Release|Win32
		{D31DC074-CB86-4111-B5CF-E9AF36D4DBAB}.Debug|x64.ActiveCfg = Debug|x64
		{D31DC074-CB86-4111-B5CF-E9AF36D4DBAB}.Debug|x64.Build.0 = Debug|x64
		{D31DC074-CB86-4111-B5CF-E9AF36D4DBAB}.Debug|x86.ActiveCfg = Debug|Win32
		{D31DC074-CB86-4111-B5CF-E9AF36D4DBAB}.Debug|x86.Build.0 = Debug|Win32
		{D31DC074-CB86-4111-B5CF-E9AF36D4DBAB}.Release|x64.ActiveCfg = Release|x64
		{D31DC074-CB86-4111-B5CF-E9AF36D4DBAB}.Release|x64.Build.0 = Release|x64
		{D31DC074-CB86-4111-B5CF-E9AF36D4DBAB}.Release|x86.ActiveCfg = Release|Win32
		{D31DC074-CB86-4111-B5CF-E9AF36D4DBAB}.Release|x86.Build.0 = Release|Win32
		{CAF9088A-C4D3-47BB-99A8-F08F06C1FC06}.Debug|x64.ActiveCfg = Debug|x64
		{CAF9088A-C4D3-47BB-99A8-F08F06C1FC06}.Debug|x64.Build.0 = Debug|x64
		{CAF9088A-C4D3-47BB-99A8-F08F06C1FC06}.Debug|x86.ActiveCfg = Debug|Win32
		{CAF9088A-C4D3-47BB-99A8-F08F06C1FC06}.Debug|x86.Build.0 = Debug|Win32
		{CAF9088A-C4D3-47BB-99A8-F08F06C1FC06}.Release|x64.ActiveCfg = Release|x64
		{CAF9088A-C4D3-47BB-99A8-F08F06C1FC06}.Release|x64.Build.0 = Release|x64
		{CAF9088A-C4D3-47BB-99A8-F08F06C1FC06}.Release|x86.ActiveCfg = Release|Win32
		{CAF9088A-C4D3-47BB-99A8-F08F06C1FC06}.Release|x86.Build.0 = Release|Win32
		{A43EB5CD-3F68-4C9D-808D-ACECBB4AA585}.Debug|x64.ActiveCfg = Debug|x64
		{A43EB5CD-3F68-4C9D-808D-ACECBB4AA585}.Debug|x64.Build.0 = Debug|x64
		{A43EB5CD-3F68-4C9D-808D-ACECBB4AA585}.Debug|x86.ActiveCfg = Debug|Win32
		{A43EB5CD-3F68-4C9D-808D-ACECBB4AA585}.Debug|x86.Build.0 = Debug|Win32
		{A43EB5CD-3F68-4C9D-808D-ACECBB4AA585}.Release|x64.ActiveCfg = Release|x64
		{A43EB5CD-3F68-4C9D-808D-ACECBB4AA585}.Release|x64.Build.0 = Release|x64
		{A43EB5CD-3F68-4C9D-808D-ACECBB4AA585}.Release|x86.ActiveCfg = Release|Win32
		{A43EB5CD-3F68-4C9D-808D-ACECBB4AA585}.Release|x86.Build.0 = Release|Win32
		{B9E04F0F-FABB-4496-A697-A73D5C265AAD}.Debug|x64.ActiveCfg = Debug|x64
		{B9E04F0F-FABB-4496-A697-A73D5C265AAD}.Debug|x64.Build.0 = Debug|x64
		{B9E04F0F-FABB-4496-A697-A73D5C265AAD}.Debug|x86.ActiveCfg = Debug|Win32
		{B9E04F0F-FABB-4496-A697-A73D5C265AAD}.Debug|x86.Build.0 = Debug|Win32
		{B9E04F0F-FABB-4496-A697-A73D5C265AAD}.Release|x64.ActiveCfg = Release|x64
		{B9E04F0F-FABB-4496-A697-A73D5C265AAD}.Release|x64.Build.0 = Release|x64
		{B9E04F0F-FABB-4496-A697-A73D5C265AAD}.Release|x86.ActiveCfg = Release|Win32
		{B9E04F0F-FABB-4496-A697-A73D5C265AAD}.Release|x86.Build.0 = Release|Win32
		{61CCB641-B93E-489C-87C2-45B4BAE1E716}.Debug|x64.ActiveCfg = Debug|x64
		{61CCB641-B93E-489C-87C2-45B4BAE1E716}.Debug|x64.Build.0 = Debug|x64
		{61CCB641-B93E-489C-87C2-45B4BAE1E716}.Debug|x86.ActiveCfg = Debug|Win32
		{61CCB641-B93E-489C-87C2-45B4BAE1E716}.Debug|x86.Build.0 = Debug|Win32
		{61CCB641-B93E-489C-87C2-45B4BAE1E716}.Release|x64.ActiveCfg = Release|x64
		{61CCB641-B93E-489C-87C2-45B4BAE1E716}.Release|x64.Build.0 = Release|x64
		{61CCB641-B93E-489C-87C2-45B4BAE1E716}.Release|x86.ActiveCfg = Release|Win32
		{61CCB641-B93E-489C-87C2-45B4BAE1E716}.Release|x86.Build.0 = Release|Win32
		{C8F21A35-91BF-4B02-9318-226B8AAC1601}.Debug|x64.ActiveCfg = Debug|x64
		{C8F21A35-91BF-4B02-9318-226B8AAC1601}.Debug|x64.Build.0 = Debug|x64
		{C8F21A35-91BF-4B02-9318-226B8AAC1601}.Debug|x86.ActiveCfg = Debug|Win32
		{C8F21A35-91BF-4B02-9318-226B8AAC1601}.Debug|x86.Build.0 = Debug|Win32
		{C8F21A35-91BF-4B02-9318-226B8AAC1601}.Release|x64.ActiveCfg = Release|x64
		{C8F21A35-91BF-4B02-9318-226B8AAC1601}.Release|x64.Build.0 = Release|x64
		{C8F21A35-91BF-4B02-9318-226B8AAC1601}.Release|x86.ActiveCfg = Release|Win32
		{C8F21A35-91BF-4B02-9318-226B8AAC1601}.Release|x86.Build.0 = Release|Win32
		{3C362117-1EEC-4850-B307-58876CDD72F3}.Debug|x64.ActiveCfg = Debug|x64
		{3C362117-1EEC-4850-B307-58876CDD72F3}.Debug|x64.Build.0 = Debug|x64
		{3C362117-1EEC-4850-B307-58876CDD72F3}.Debug|x86.ActiveCfg = Debug|Win32
		{3C362117-1EEC-4850-B307-58876CDD72F3}.Debug|x86.Build.0 = Debug|Win32
		{3C362117-1EEC-4850-B307-58876CDD72F3}.Release|x64.ActiveCfg = Release|x64
		{3C362117-1EEC-4850-B307-58876CDD72F3}.Release|x64.Build.0 = Release|x64
		{3C362117-1EEC-4850-B307-58876CDD72F3}.Release|x86.ActiveCfg = Release|Win32
		{3C362117-1EEC-4850-B307-58876CDD72F3}.Release|x86.Build.0 = Release|Win32
	EndGlobalSection
	GlobalSection(SolutionProperties) = preSolution
		HideSolutionNode = FALSE
	EndGlobalSection
	GlobalSection(ExtensibilityGlobals) = postSolution
		SolutionGuid = {075DA9D1-7347-49FA-9A8F-3EB7FDE9AB98}
	EndGlobalSection
EndGlobal
